
Microsoft Visual Studio Solution File, Format Version 12.00
# Visual Studio Version 16
VisualStudioVersion = 16.0.28803.352
MinimumVisualStudioVersion = 10.0.40219.1
Project("{FAE04EC0-301F-11D3-BF4B-00C04F79EFBC}") = "Cabsie.API", "Cabsie.API\Cabsie.API.csproj", "{0FBA6A59-336E-400B-8F87-BC2DA34C167D}"
EndProject
Global
	GlobalSection(SolutionConfigurationPlatforms) = preSolution
		Debug|Any CPU = Debug|Any CPU
		Release|Any CPU = Release|Any CPU
	EndGlobalSection
	GlobalSection(ProjectConfigurationPlatforms) = postSolution
		{0FBA6A59-336E-400B-8F87-BC2DA34C167D}.Debug|Any CPU.ActiveCfg = Debug|Any CPU
		{0FBA6A59-336E-400B-8F87-BC2DA34C167D}.Debug|Any CPU.Build.0 = Debug|Any CPU
		{0FBA6A59-336E-400B-8F87-BC2DA34C167D}.Release|Any CPU.ActiveCfg = Release|Any CPU
		{0FBA6A59-336E-400B-8F87-BC2DA34C167D}.Release|Any CPU.Build.0 = Release|Any CPU
	EndGlobalSection
	GlobalSection(SolutionProperties) = preSolution
		HideSolutionNode = FALSE
	EndGlobalSection
	GlobalSection(ExtensibilityGlobals) = postSolution
		SolutionGuid = {6BFB0801-A01E-4574-855D-7ACC9CA4BAE3}
	EndGlobalSection
EndGlobal
